# THIS IS AN AUTOGENERATED FILE. DO NOT EDIT THIS FILE DIRECTLY.
# yarn lockfile v1


"@graphql-tools/batch-execute@^9.0.1":
  version "9.0.2"
  resolved "https://registry.yarnpkg.com/@graphql-tools/batch-execute/-/batch-execute-9.0.2.tgz#5ac3257501e7941fad40661bb5e1110d6312f58b"
  integrity sha512-Y2uwdZI6ZnatopD/SYfZ1eGuQFI7OU2KGZ2/B/7G9ISmgMl5K+ZZWz/PfIEXeiHirIDhyk54s4uka5rj2xwKqQ==
  dependencies:
    "@graphql-tools/utils" "^10.0.5"
    dataloader "^2.2.2"
    tslib "^2.4.0"
    value-or-promise "^1.0.12"

"@graphql-tools/delegate@^10.0.3":
  version "10.0.3"
  resolved "https://registry.yarnpkg.com/@graphql-tools/delegate/-/delegate-10.0.3.tgz#2d0e133da94ca92c24e0c7360414e5592321cf2d"
  integrity sha512-Jor9oazZ07zuWkykD3OOhT/2XD74Zm6Ar0ENZMk75MDD51wB2UWUIMljtHxbJhV5A6UBC2v8x6iY0xdCGiIlyw==
  dependencies:
    "@graphql-tools/batch-execute" "^9.0.1"
    "@graphql-tools/executor" "^1.0.0"
    "@graphql-tools/schema" "^10.0.0"
    "@graphql-tools/utils" "^10.0.5"
    dataloader "^2.2.2"
    tslib "^2.5.0"

"@graphql-tools/executor@^1.0.0":
  version "1.2.0"
  resolved "https://registry.yarnpkg.com/@graphql-tools/executor/-/executor-1.2.0.tgz#6c45f4add765769d9820c4c4405b76957ba39c79"
  integrity sha512-SKlIcMA71Dha5JnEWlw4XxcaJ+YupuXg0QCZgl2TOLFz4SkGCwU/geAsJvUJFwK2RbVLpQv/UMq67lOaBuwDtg==
  dependencies:
    "@graphql-tools/utils" "^10.0.0"
    "@graphql-typed-document-node/core" "3.2.0"
    "@repeaterjs/repeater" "^3.0.4"
    tslib "^2.4.0"
    value-or-promise "^1.0.12"

"@graphql-tools/merge@^9.0.1":
  version "9.0.1"
  resolved "https://registry.yarnpkg.com/@graphql-tools/merge/-/merge-9.0.1.tgz#693f15da152339284469b1ce5c6827e3ae350a29"
  integrity sha512-hIEExWO9fjA6vzsVjJ3s0cCQ+Q/BEeMVJZtMXd7nbaVefVy0YDyYlEkeoYYNV3NVVvu1G9lr6DM1Qd0DGo9Caw==
  dependencies:
    "@graphql-tools/utils" "^10.0.10"
    tslib "^2.4.0"

"@graphql-tools/schema@^10.0.0":
  version "10.0.2"
  resolved "https://registry.yarnpkg.com/@graphql-tools/schema/-/schema-10.0.2.tgz#21bc2ee25a65fb4890d2e5f9f22ef1f733aa81da"
  integrity sha512-TbPsIZnWyDCLhgPGnDjt4hosiNU2mF/rNtSk5BVaXWnZqvKJ6gzJV4fcHcvhRIwtscDMW2/YTnK6dLVnk8pc4w==
  dependencies:
    "@graphql-tools/merge" "^9.0.1"
    "@graphql-tools/utils" "^10.0.10"
    tslib "^2.4.0"
    value-or-promise "^1.0.12"

"@graphql-tools/utils@^10.0.0", "@graphql-tools/utils@^10.0.10", "@graphql-tools/utils@^10.0.5":
  version "10.0.11"
  resolved "https://registry.yarnpkg.com/@graphql-tools/utils/-/utils-10.0.11.tgz#1238fbe37e8d6c662c48ab2477c98269d6fd851a"
  integrity sha512-vVjXgKn6zjXIlYBd7yJxCVMYGb5j18gE3hx3Qw3mNsSEsYQXbJbPdlwb7Fc9FogsJei5AaqiQerqH4kAosp1nQ==
  dependencies:
    "@graphql-typed-document-node/core" "^3.1.1"
    cross-inspect "1.0.0"
    dset "^3.1.2"
    tslib "^2.4.0"

"@graphql-tools/wrap@^10.0.0":
  version "10.0.1"
  resolved "https://registry.yarnpkg.com/@graphql-tools/wrap/-/wrap-10.0.1.tgz#9e3d27d2723962c26c4377d5d7ab0d3038bf728c"
  integrity sha512-Cw6hVrKGM2OKBXeuAGltgy4tzuqQE0Nt7t/uAqnuokSXZhMHXJUb124Bnvxc2gPZn5chfJSDafDe4Cp8ZAVJgg==
  dependencies:
    "@graphql-tools/delegate" "^10.0.3"
    "@graphql-tools/schema" "^10.0.0"
    "@graphql-tools/utils" "^10.0.0"
    tslib "^2.4.0"
    value-or-promise "^1.0.12"

"@graphql-typed-document-node/core@3.2.0", "@graphql-typed-document-node/core@^3.1.0", "@graphql-typed-document-node/core@^3.1.1":
  version "3.2.0"
  resolved "https://registry.yarnpkg.com/@graphql-typed-document-node/core/-/core-3.2.0.tgz#5f3d96ec6b2354ad6d8a28bf216a1d97b5426861"
  integrity sha512-mB9oAsNCm9aM3/SOv4YtBMqZbYj10R7dkq8byBqxGY/ncFwhf2oQzMV+LCRlWoDSEBJ3COiR1yeDvMtsoOsuFQ==

"@repeaterjs/repeater@^3.0.4":
  version "3.0.5"
  resolved "https://registry.yarnpkg.com/@repeaterjs/repeater/-/repeater-3.0.5.tgz#b77571685410217a548a9c753aa3cdfc215bfc78"
  integrity sha512-l3YHBLAol6d/IKnB9LhpD0cEZWAoe3eFKUyTYWmFmCO2Q/WOckxLQAUyMZWwZV2M/m3+4vgRoaolFqaII82/TA==

cross-inspect@1.0.0:
  version "1.0.0"
  resolved "https://registry.yarnpkg.com/cross-inspect/-/cross-inspect-1.0.0.tgz#5fda1af759a148594d2d58394a9e21364f6849af"
  integrity sha512-4PFfn4b5ZN6FMNGSZlyb7wUhuN8wvj8t/VQHZdM4JsDcruGJ8L2kf9zao98QIrBPFCpdk27qst/AGTl7pL3ypQ==
  dependencies:
    tslib "^2.4.0"

dataloader@^2.2.2:
  version "2.2.2"
  resolved "https://registry.yarnpkg.com/dataloader/-/dataloader-2.2.2.tgz#216dc509b5abe39d43a9b9d97e6e5e473dfbe3e0"
  integrity sha512-8YnDaaf7N3k/q5HnTJVuzSyLETjoZjVmHc4AeKAzOvKHEFQKcn64OKBfzHYtE9zGjctNM7V9I0MfnUVLpi7M5g==

dset@^3.1.2:
  version "3.1.3"
  resolved "https://registry.yarnpkg.com/dset/-/dset-3.1.3.tgz#c194147f159841148e8e34ca41f638556d9542d2"
  integrity sha512-20TuZZHCEZ2O71q9/+8BwKwZ0QtD9D8ObhrihJPr+vLLYlSuAU3/zL4cSlgbfeoGHTjCSJBa7NGcrF9/Bx/WJQ==

graphql-modules@^2.3.0:
  version "2.3.0"
  resolved "https://registry.yarnpkg.com/graphql-modules/-/graphql-modules-2.3.0.tgz#6b0c4ea97838a64c1900e61e28ec571cb0922d12"
  integrity sha512-CcrjUjMYHy3zelnffldhR3h6t4ndCVJEzdqBAv/mp4ZGEA/izirOKZB2lnRwpXNqOtVwIz2O/E1Cg/UH8dFNaQ==
  dependencies:
    "@graphql-tools/schema" "^10.0.0"
    "@graphql-tools/wrap" "^10.0.0"
    "@graphql-typed-document-node/core" "^3.1.0"
    ramda "^0.29.0"

graphql@^16.8.1:
  version "16.8.1"
  resolved "https://registry.yarnpkg.com/graphql/-/graphql-16.8.1.tgz#1930a965bef1170603702acdb68aedd3f3cf6f07"
  integrity sha512-59LZHPdGZVh695Ud9lRzPBVTtlX9ZCV150Er2W43ro37wVof0ctenSaskPPjN7lVTIN8mSZt8PHUNKZuNQUuxw==

ramda@^0.29.0:
  version "0.29.1"
  resolved "https://registry.yarnpkg.com/ramda/-/ramda-0.29.1.tgz#408a6165b9555b7ba2fc62555804b6c5a2eca196"
  integrity sha512-OfxIeWzd4xdUNxlWhgFazxsA/nl3mS4/jGZI5n00uWOoSSFRhC1b6gl6xvmzUamgmqELraWp0J/qqVlXYPDPyA==

tslib@^2.4.0, tslib@^2.5.0:
  version "2.6.2"
  resolved "https://registry.yarnpkg.com/tslib/-/tslib-2.6.2.tgz#703ac29425e7b37cd6fd456e92404d46d1f3e4ae"
  integrity sha512-AEYxH93jGFPn/a2iVAwW87VuUIkR1FVUKB77NwMF7nBTDkDrrT/Hpt/IrCJ0QXhW27jTBDcf5ZY7w6RiqTMw2Q==

value-or-promise@^1.0.12:
  version "1.0.12"
  resolved "https://registry.yarnpkg.com/value-or-promise/-/value-or-promise-1.0.12.tgz#0e5abfeec70148c78460a849f6b003ea7986f15c"
  integrity sha512-Z6Uz+TYwEqE7ZN50gwn+1LCVo9ZVrpxRPOhOLnncYkY1ZzOYtrX8Fwf/rFktZ8R5mJms6EZf5TqNOMeZmnPq9Q==
